<?xml version="1.0" encoding="utf-8"?>
<Project ToolsVersion="17.0" xmlns="http://schemas.microsoft.com/developer/msbuild/2003">
  <ItemGroup>
    <ClCompile Include="C:\Users\anton\Desktop\12321341\TrayApp\src\main.cpp">
      <Filter>Source Files</Filter>
    </ClCompile>
    <ClCompile Include="C:\Users\anton\Desktop\12321341\TrayApp\src\TrayIcon.cpp">
      <Filter>Source Files</Filter>
    </ClCompile>
    <ClCompile Include="C:\Users\anton\Desktop\12321341\TrayApp\src\process_utils.cpp">
      <Filter>Source Files</Filter>
    </ClCompile>
    <ClCompile Include="C:\Users\anton\Desktop\12321341\TrayApp\src\rpc_client.cpp">
      <Filter>Source Files</Filter>
    </ClCompile>
    <ClCompile Include="C:\Users\anton\Desktop\12321341\TrayApp\src\service_control.cpp">
      <Filter>Source Files</Filter>
    </ClCompile>
    <ClCompile Include="C:\Users\anton\Desktop\12321341\build-win\$(Configuration)\generated\rpc\tray_c.c">
      <Filter>Source Files</Filter>
    </ClCompile>
  </ItemGroup>
  <ItemGroup>
    <CustomBuild Include="C:\Users\anton\Desktop\12321341\TrayApp\CMakeLists.txt" />
  </ItemGroup>
  <ItemGroup>
    <ResourceCompile Include="C:\Users\anton\Desktop\12321341\TrayApp\res\app.rc">
      <Filter>Source Files</Filter>
    </ResourceCompile>
  </ItemGroup>
  <ItemGroup>
    <Filter Include="CMake Rules">
      <UniqueIdentifier>{6F2EEEAB-7D97-321B-85B4-45A3DF46D82A}</UniqueIdentifier>
    </Filter>
    <Filter Include="Source Files">
      <UniqueIdentifier>{B1D76036-B712-3F05-821C-1B003A4B0C24}</UniqueIdentifier>
    </Filter>
  </ItemGroup>
</Project>
